
Microsoft Visual Studio Solution File, Format Version 12.00
# Visual Studio 15
VisualStudioVersion = 15.0.26014.0
MinimumVisualStudioVersion = 10.0.40219.1
Project("{8BC9CEB8-8B4A-11D0-8D11-00A0C91BC942}") = "ThreadUnitTest", "ThreadUnitTest\ThreadUnitTest.vcxproj", "{706E0617-B2EA-4B3A-AB03-060AEB25C150}"
EndProject
Project("{8BC9CEB8-8B4A-11D0-8D11-00A0C91BC942}") = "SocketUnitTest", "SocketUnitTest\SocketUnitTest.vcxproj", "{5C828918-5E71-460D-B5ED-7972D1EDEC97}"
EndProject
Global
	GlobalSection(SolutionConfigurationPlatforms) = preSolution
		Debug|x64 = Debug|x64
		Debug|x86 = Debug|x86
		Release|x64 = Release|x64
		Release|x86 = Release|x86
	EndGlobalSection
	GlobalSection(ProjectConfigurationPlatforms) = postSolution
		{706E0617-B2EA-4B3A-AB03-060AEB25C150}.Debug|x64.ActiveCfg = Debug|x64
		{706E0617-B2EA-4B3A-AB03-060AEB25C150}.Debug|x64.Build.0 = Debug|x64
		{706E0617-B2EA-4B3A-AB03-060AEB25C150}.Debug|x86.ActiveCfg = Debug|x64
		{706E0617-B2EA-4B3A-AB03-060AEB25C150}.Debug|x86.Build.0 = Debug|x64
		{706E0617-B2EA-4B3A-AB03-060AEB25C150}.Release|x64.ActiveCfg = Debug|x64
		{706E0617-B2EA-4B3A-AB03-060AEB25C150}.Release|x64.Build.0 = Debug|x64
		{706E0617-B2EA-4B3A-AB03-060AEB25C150}.Release|x86.ActiveCfg = Debug|x64
		{706E0617-B2EA-4B3A-AB03-060AEB25C150}.Release|x86.Build.0 = Debug|x64
		{5C828918-5E71-460D-B5ED-7972D1EDEC97}.Debug|x64.ActiveCfg = Debug|x64
		{5C828918-5E71-460D-B5ED-7972D1EDEC97}.Debug|x64.Build.0 = Debug|x64
		{5C828918-5E71-460D-B5ED-7972D1EDEC97}.Debug|x64.Deploy.0 = Debug|x64
		{5C828918-5E71-460D-B5ED-7972D1EDEC97}.Debug|x86.ActiveCfg = Debug|x64
		{5C828918-5E71-460D-B5ED-7972D1EDEC97}.Debug|x86.Build.0 = Debug|x64
		{5C828918-5E71-460D-B5ED-7972D1EDEC97}.Debug|x86.Deploy.0 = Debug|x64
		{5C828918-5E71-460D-B5ED-7972D1EDEC97}.Release|x64.ActiveCfg = Debug|x64
		{5C828918-5E71-460D-B5ED-7972D1EDEC97}.Release|x64.Build.0 = Debug|x64
		{5C828918-5E71-460D-B5ED-7972D1EDEC97}.Release|x64.Deploy.0 = Debug|x64
		{5C828918-5E71-460D-B5ED-7972D1EDEC97}.Release|x86.ActiveCfg = Debug|x64
		{5C828918-5E71-460D-B5ED-7972D1EDEC97}.Release|x86.Build.0 = Debug|x64
		{5C828918-5E71-460D-B5ED-7972D1EDEC97}.Release|x86.Deploy.0 = Debug|x64
	EndGlobalSection
	GlobalSection(SolutionProperties) = preSolution
		HideSolutionNode = FALSE
	EndGlobalSection
EndGlobal
