<?xml version="1.0" encoding="utf-8"?>
<Project ToolsVersion="4.0" xmlns="http://schemas.microsoft.com/developer/msbuild/2003">
  <ItemGroup>
    <Filter Include="Header Files">
      <UniqueIdentifier>{ff4c24a5-5570-4924-a0c9-c80232701056}</UniqueIdentifier>
    </Filter>
    <Filter Include="Source Files">
      <UniqueIdentifier>{d468376a-afef-4640-bb05-b5d9ab407bb6}</UniqueIdentifier>
    </Filter>
  </ItemGroup>
  <ItemGroup>
    <ClCompile Include="..\Socket\SimpleSocket.cpp">
      <Filter>Source Files</Filter>
    </ClCompile>
    <ClCompile Include="..\Socket\PassiveSocket.cpp">
      <Filter>Source Files</Filter>
    </ClCompile>
    <ClCompile Include="..\Socket\ActiveSocket.cpp">
      <Filter>Source Files</Filter>
    </ClCompile>
  </ItemGroup>
  <ItemGroup>
    <ClInclude Include="..\Socket\ActiveSocket.h">
      <Filter>Header Files</Filter>
    </ClInclude>
    <ClInclude Include="..\Socket\Host.h">
      <Filter>Header Files</Filter>
    </ClInclude>
    <ClInclude Include="..\Socket\PassiveSocket.h">
      <Filter>Header Files</Filter>
    </ClInclude>
    <ClInclude Include="..\Socket\SimpleSocket.h">
      <Filter>Header Files</Filter>
    </ClInclude>
    <ClInclude Include="..\Socket\StatTimer.h">
      <Filter>Header Files</Filter>
    </ClInclude>
  </ItemGroup>
</Project>